
Microsoft Visual Studio Solution File, Format Version 12.00
# Visual Studio Version 17
VisualStudioVersion = 17.3.32825.248
MinimumVisualStudioVersion = 10.0.40219.1
Project("{FAE04EC0-301F-11D3-BF4B-00C04F79EFBC}") = "Task1", "Task1\Task1.csproj", "{DEF17711-322C-474A-8C52-E50AAFA953B1}"
EndProject
Global
	GlobalSection(SolutionConfigurationPlatforms) = preSolution
		Debug|Any CPU = Debug|Any CPU
		Release|Any CPU = Release|Any CPU
	EndGlobalSection
	GlobalSection(ProjectConfigurationPlatforms) = postSolution
		{DEF17711-322C-474A-8C52-E50AAFA953B1}.Debug|Any CPU.ActiveCfg = Debug|Any CPU
		{DEF17711-322C-474A-8C52-E50AAFA953B1}.Debug|Any CPU.Build.0 = Debug|Any CPU
		{DEF17711-322C-474A-8C52-E50AAFA953B1}.Release|Any CPU.ActiveCfg = Release|Any CPU
		{DEF17711-322C-474A-8C52-E50AAFA953B1}.Release|Any CPU.Build.0 = Release|Any CPU
	EndGlobalSection
	GlobalSection(SolutionProperties) = preSolution
		HideSolutionNode = FALSE
	EndGlobalSection
	GlobalSection(ExtensibilityGlobals) = postSolution
		SolutionGuid = {4D3ABCD8-DD9F-47B7-8443-F2DA4A3BD068}
	EndGlobalSection
EndGlobal
